
Microsoft Visual Studio Solution File, Format Version 12.00
# Visual Studio Version 17
VisualStudioVersion = 17.11.35222.181
MinimumVisualStudioVersion = 10.0.40219.1
Project("{2150E333-8FDC-42A3-9474-1A3956D46DE8}") = "src", "src", "{2D764205-F29C-4711-9C57-624964A12031}"
EndProject
Project("{2150E333-8FDC-42A3-9474-1A3956D46DE8}") = "Shared", "Shared", "{BA04DD80-34D9-4142-9F39-3AF3BE6B82A7}"
EndProject
Project("{2150E333-8FDC-42A3-9474-1A3956D46DE8}") = "Apps", "Apps", "{67C95628-0239-4F12-AF3C-D1A51072E483}"
EndProject
Project("{FAE04EC0-301F-11D3-BF4B-00C04F79EFBC}") = "MddsSaver.Infrastructure.Shared", "MddsSaver.Infrastructure.Shared\MddsSaver.Infrastructure.Shared.csproj", "{B94E8812-7448-4B8A-85DE-C8BB81348EA3}"
EndProject
Project("{FAE04EC0-301F-11D3-BF4B-00C04F79EFBC}") = "MddsSaver.Core.Shared", "MddsSaver.Core.Shared\MddsSaver.Core.Shared.csproj", "{4B69CB29-8ABE-46E2-9A18-1762EBE8BC29}"
EndProject
Project("{FAE04EC0-301F-11D3-BF4B-00C04F79EFBC}") = "MddsSaver.Application.Shared", "MddsSaver.Application.Shared\MddsSaver.Application.Shared.csproj", "{37344265-4844-4DDA-AF16-C6B31F2DB392}"
EndProject
Project("{2150E333-8FDC-42A3-9474-1A3956D46DE8}") = "Hose", "Hose", "{6B30569E-81ED-4A0E-90A5-7BC3BEC505BB}"
EndProject
Project("{2150E333-8FDC-42A3-9474-1A3956D46DE8}") = "Hnx", "Hnx", "{EFE58AB8-4ED6-474C-9896-1FB3410DD1B7}"
EndProject
Project("{FAE04EC0-301F-11D3-BF4B-00C04F79EFBC}") = "HsxMddsSaverRD", "HsxMddsSaverRD\HsxMddsSaverRD.csproj", "{F99221B7-A2A8-47C6-9CC0-8CFECD0B21C8}"
EndProject
Project("{FAE04EC0-301F-11D3-BF4B-00C04F79EFBC}") = "HnxMddsSaverRD", "HnxMddsSaverRD\HnxMddsSaverRD.csproj", "{014D63AF-4817-4730-8E13-988CE608DD42}"
EndProject
Project("{FAE04EC0-301F-11D3-BF4B-00C04F79EFBC}") = "HnxMddsSaverOrc", "HnxMddsSaverOrc\HnxMddsSaverOrc.csproj", "{362C97A5-EF1D-403F-93A0-6425B1F110CA}"
EndProject
Project("{FAE04EC0-301F-11D3-BF4B-00C04F79EFBC}") = "HsxMddsSaverOrc", "HsxMddsSaverOrc\HsxMddsSaverOrc.csproj", "{627B8F15-E0D1-40C8-BE89-A57065DE25C2}"
EndProject
Global
	GlobalSection(SolutionConfigurationPlatforms) = preSolution
		Debug|Any CPU = Debug|Any CPU
		Release|Any CPU = Release|Any CPU
	EndGlobalSection
	GlobalSection(ProjectConfigurationPlatforms) = postSolution
		{B94E8812-7448-4B8A-85DE-C8BB81348EA3}.Debug|Any CPU.ActiveCfg = Debug|Any CPU
		{B94E8812-7448-4B8A-85DE-C8BB81348EA3}.Debug|Any CPU.Build.0 = Debug|Any CPU
		{B94E8812-7448-4B8A-85DE-C8BB81348EA3}.Release|Any CPU.ActiveCfg = Release|Any CPU
		{B94E8812-7448-4B8A-85DE-C8BB81348EA3}.Release|Any CPU.Build.0 = Release|Any CPU
		{4B69CB29-8ABE-46E2-9A18-1762EBE8BC29}.Debug|Any CPU.ActiveCfg = Debug|Any CPU
		{4B69CB29-8ABE-46E2-9A18-1762EBE8BC29}.Debug|Any CPU.Build.0 = Debug|Any CPU
		{4B69CB29-8ABE-46E2-9A18-1762EBE8BC29}.Release|Any CPU.ActiveCfg = Release|Any CPU
		{4B69CB29-8ABE-46E2-9A18-1762EBE8BC29}.Release|Any CPU.Build.0 = Release|Any CPU
		{37344265-4844-4DDA-AF16-C6B31F2DB392}.Debug|Any CPU.ActiveCfg = Debug|Any CPU
		{37344265-4844-4DDA-AF16-C6B31F2DB392}.Debug|Any CPU.Build.0 = Debug|Any CPU
		{37344265-4844-4DDA-AF16-C6B31F2DB392}.Release|Any CPU.ActiveCfg = Release|Any CPU
		{37344265-4844-4DDA-AF16-C6B31F2DB392}.Release|Any CPU.Build.0 = Release|Any CPU
		{F99221B7-A2A8-47C6-9CC0-8CFECD0B21C8}.Debug|Any CPU.ActiveCfg = Debug|Any CPU
		{F99221B7-A2A8-47C6-9CC0-8CFECD0B21C8}.Debug|Any CPU.Build.0 = Debug|Any CPU
		{F99221B7-A2A8-47C6-9CC0-8CFECD0B21C8}.Release|Any CPU.ActiveCfg = Release|Any CPU
		{F99221B7-A2A8-47C6-9CC0-8CFECD0B21C8}.Release|Any CPU.Build.0 = Release|Any CPU
		{014D63AF-4817-4730-8E13-988CE608DD42}.Debug|Any CPU.ActiveCfg = Debug|Any CPU
		{014D63AF-4817-4730-8E13-988CE608DD42}.Debug|Any CPU.Build.0 = Debug|Any CPU
		{014D63AF-4817-4730-8E13-988CE608DD42}.Release|Any CPU.ActiveCfg = Release|Any CPU
		{014D63AF-4817-4730-8E13-988CE608DD42}.Release|Any CPU.Build.0 = Release|Any CPU
		{362C97A5-EF1D-403F-93A0-6425B1F110CA}.Debug|Any CPU.ActiveCfg = Debug|Any CPU
		{362C97A5-EF1D-403F-93A0-6425B1F110CA}.Debug|Any CPU.Build.0 = Debug|Any CPU
		{362C97A5-EF1D-403F-93A0-6425B1F110CA}.Release|Any CPU.ActiveCfg = Release|Any CPU
		{362C97A5-EF1D-403F-93A0-6425B1F110CA}.Release|Any CPU.Build.0 = Release|Any CPU
		{627B8F15-E0D1-40C8-BE89-A57065DE25C2}.Debug|Any CPU.ActiveCfg = Debug|Any CPU
		{627B8F15-E0D1-40C8-BE89-A57065DE25C2}.Debug|Any CPU.Build.0 = Debug|Any CPU
		{627B8F15-E0D1-40C8-BE89-A57065DE25C2}.Release|Any CPU.ActiveCfg = Release|Any CPU
		{627B8F15-E0D1-40C8-BE89-A57065DE25C2}.Release|Any CPU.Build.0 = Release|Any CPU
	EndGlobalSection
	GlobalSection(SolutionProperties) = preSolution
		HideSolutionNode = FALSE
	EndGlobalSection
	GlobalSection(NestedProjects) = preSolution
		{67C95628-0239-4F12-AF3C-D1A51072E483} = {2D764205-F29C-4711-9C57-624964A12031}
		{B94E8812-7448-4B8A-85DE-C8BB81348EA3} = {BA04DD80-34D9-4142-9F39-3AF3BE6B82A7}
		{4B69CB29-8ABE-46E2-9A18-1762EBE8BC29} = {BA04DD80-34D9-4142-9F39-3AF3BE6B82A7}
		{37344265-4844-4DDA-AF16-C6B31F2DB392} = {BA04DD80-34D9-4142-9F39-3AF3BE6B82A7}
		{6B30569E-81ED-4A0E-90A5-7BC3BEC505BB} = {67C95628-0239-4F12-AF3C-D1A51072E483}
		{EFE58AB8-4ED6-474C-9896-1FB3410DD1B7} = {67C95628-0239-4F12-AF3C-D1A51072E483}
		{F99221B7-A2A8-47C6-9CC0-8CFECD0B21C8} = {6B30569E-81ED-4A0E-90A5-7BC3BEC505BB}
		{014D63AF-4817-4730-8E13-988CE608DD42} = {EFE58AB8-4ED6-474C-9896-1FB3410DD1B7}
		{362C97A5-EF1D-403F-93A0-6425B1F110CA} = {EFE58AB8-4ED6-474C-9896-1FB3410DD1B7}
		{627B8F15-E0D1-40C8-BE89-A57065DE25C2} = {6B30569E-81ED-4A0E-90A5-7BC3BEC505BB}
	EndGlobalSection
	GlobalSection(ExtensibilityGlobals) = postSolution
		SolutionGuid = {24FEA10E-0B12-4E86-9DFA-F3CA2488C162}
	EndGlobalSection
EndGlobal
